
Microsoft Visual Studio Solution File, Format Version 12.00
# Visual Studio Version 16
VisualStudioVersion = 16.0.33920.266
MinimumVisualStudioVersion = 10.0.40219.1
Project("{FAE04EC0-301F-11D3-BF4B-00C04F79EFBC}") = "tarun", "tarun\tarun.csproj", "{A65EF7A2-3B32-4E95-9A4F-C2F38037964F}"
EndProject
Global
	GlobalSection(SolutionConfigurationPlatforms) = preSolution
		Debug|Any CPU = Debug|Any CPU
		Release|Any CPU = Release|Any CPU
	EndGlobalSection
	GlobalSection(ProjectConfigurationPlatforms) = postSolution
		{A65EF7A2-3B32-4E95-9A4F-C2F38037964F}.Debug|Any CPU.ActiveCfg = Debug|Any CPU
		{A65EF7A2-3B32-4E95-9A4F-C2F38037964F}.Debug|Any CPU.Build.0 = Debug|Any CPU
		{A65EF7A2-3B32-4E95-9A4F-C2F38037964F}.Release|Any CPU.ActiveCfg = Release|Any CPU
		{A65EF7A2-3B32-4E95-9A4F-C2F38037964F}.Release|Any CPU.Build.0 = Release|Any CPU
	EndGlobalSection
	GlobalSection(SolutionProperties) = preSolution
		HideSolutionNode = FALSE
	EndGlobalSection
	GlobalSection(ExtensibilityGlobals) = postSolution
		SolutionGuid = {7C33AC00-1647-484E-8C0E-A95B20FBDDBC}
	EndGlobalSection
EndGlobal
